
Microsoft Visual Studio Solution File, Format Version 11.00
# Visual Studio 2010
Project("{FAE04EC0-301F-11D3-BF4B-00C04F79EFBC}") = "TestApp_MaxMind_GeoIP2", "WindowsFormsApplication1\TestApp_MaxMind_GeoIP2.csproj", "{360D406C-110D-42D9-A146-86B1C828EEFA}"
EndProject
Global
	GlobalSection(SolutionConfigurationPlatforms) = preSolution
		Debug|x86 = Debug|x86
		Release|x86 = Release|x86
	EndGlobalSection
	GlobalSection(ProjectConfigurationPlatforms) = postSolution
		{360D406C-110D-42D9-A146-86B1C828EEFA}.Debug|x86.ActiveCfg = Debug|x86
		{360D406C-110D-42D9-A146-86B1C828EEFA}.Debug|x86.Build.0 = Debug|x86
		{360D406C-110D-42D9-A146-86B1C828EEFA}.Release|x86.ActiveCfg = Release|x86
		{360D406C-110D-42D9-A146-86B1C828EEFA}.Release|x86.Build.0 = Release|x86
	EndGlobalSection
	GlobalSection(SolutionProperties) = preSolution
		HideSolutionNode = FALSE
	EndGlobalSection
EndGlobal
